PATH
  remote: .
  specs:
    ft_wikipedia (0.0.1)
      nokogiri (~> 1.13)

GEM
  remote: https://rubygems.org/
  specs:
    minitest (5.27.0)
    nokogiri (1.19.0-x86_64-linux-gnu)
      racc (~> 1.4)
    racc (1.8.1)
    rake (13.3.1)

PLATFORMS
  x86_64-linux

DEPENDENCIES
  ft_wikipedia!
  minitest (~> 5.0)
  rake (~> 13.0)

BUNDLED WITH
   2.4.19
